<?xml version="1.0" encoding="utf-8"?>
<Project ToolsVersion="4.0" xmlns="http://schemas.microsoft.com/developer/msbuild/2003">
  <ItemGroup>
    <ApplicationDefinition Include="App.xaml" />
  </ItemGroup>
  <ItemGroup>
    <Page Include="MainWindow.xaml" />
    <Page Include="Views\ShellPage.xaml" />
    <Page Include="Views\SettingsPage.xaml" />
    <Page Include="Views\HomePage.xaml" />
    <Page Include="Views\UserPage.xaml" />
  </ItemGroup>
  <ItemGroup>
    <Midl Include="MainWindow.idl" />
    <Midl Include="Models\NavItem.idl" />
    <Midl Include="Services\NavigationService.idl" />
    <Midl Include="ViewModels\SettingsViewModel.idl" />
    <Midl Include="Services\CommonService.idl" />
    <Midl Include="Services\UserSettingsService.idl" />
  </ItemGroup>
  <ItemGroup>
    <ClCompile Include="pch.cpp" />
    <ClCompile Include="$(GeneratedFilesDir)module.g.cpp" />
    <ClCompile Include="Services\CommonService.cpp" />
    <ClCompile Include="ViewModels\ShellViewModel.cpp" />
    <ClCompile Include="Models\NavItem.cpp" />
    <ClCompile Include="Services\NavigationService.cpp" />
    <ClCompile Include="ViewModels\SettingsViewModel.cpp" />
    <ClCompile Include="Services\UserSettingsService.cpp" />
  </ItemGroup>
  <ItemGroup>
    <ClInclude Include="pch.h" />
    <ClInclude Include="spdlog\cfg\argv.h" />
    <ClInclude Include="spdlog\cfg\env.h" />
    <ClInclude Include="spdlog\cfg\helpers.h" />
    <ClInclude Include="spdlog\cfg\helpers-inl.h" />
    <ClInclude Include="spdlog\details\backtracer.h" />
    <ClInclude Include="spdlog\details\backtracer-inl.h" />
    <ClInclude Include="spdlog\details\circular_q.h" />
    <ClInclude Include="spdlog\details\console_globals.h" />
    <ClInclude Include="spdlog\details\file_helper.h" />
    <ClInclude Include="spdlog\details\file_helper-inl.h" />
    <ClInclude Include="spdlog\details\fmt_helper.h" />
    <ClInclude Include="spdlog\details\log_msg.h" />
    <ClInclude Include="spdlog\details\log_msg_buffer.h" />
    <ClInclude Include="spdlog\details\log_msg_buffer-inl.h" />
    <ClInclude Include="spdlog\details\log_msg-inl.h" />
    <ClInclude Include="spdlog\details\mpmc_blocking_q.h" />
    <ClInclude Include="spdlog\details\null_mutex.h" />
    <ClInclude Include="spdlog\details\os.h" />
    <ClInclude Include="spdlog\details\os-inl.h" />
    <ClInclude Include="spdlog\details\periodic_worker.h" />
    <ClInclude Include="spdlog\details\periodic_worker-inl.h" />
    <ClInclude Include="spdlog\details\registry.h" />
    <ClInclude Include="spdlog\details\registry-inl.h" />
    <ClInclude Include="spdlog\details\synchronous_factory.h" />
    <ClInclude Include="spdlog\details\tcp_client.h" />
    <ClInclude Include="spdlog\details\tcp_client-windows.h" />
    <ClInclude Include="spdlog\details\thread_pool.h" />
    <ClInclude Include="spdlog\details\thread_pool-inl.h" />
    <ClInclude Include="spdlog\details\udp_client.h" />
    <ClInclude Include="spdlog\details\udp_client-windows.h" />
    <ClInclude Include="spdlog\details\windows_include.h" />
    <ClInclude Include="spdlog\fmt\bundled\args.h" />
    <ClInclude Include="spdlog\fmt\bundled\base.h" />
    <ClInclude Include="spdlog\fmt\bundled\chrono.h" />
    <ClInclude Include="spdlog\fmt\bundled\color.h" />
    <ClInclude Include="spdlog\fmt\bundled\compile.h" />
    <ClInclude Include="spdlog\fmt\bundled\core.h" />
    <ClInclude Include="spdlog\fmt\bundled\format.h" />
    <ClInclude Include="spdlog\fmt\bundled\format-inl.h" />
    <ClInclude Include="spdlog\fmt\bundled\os.h" />
    <ClInclude Include="spdlog\fmt\bundled\ostream.h" />
    <ClInclude Include="spdlog\fmt\bundled\printf.h" />
    <ClInclude Include="spdlog\fmt\bundled\ranges.h" />
    <ClInclude Include="spdlog\fmt\bundled\std.h" />
    <ClInclude Include="spdlog\fmt\bundled\xchar.h" />
    <ClInclude Include="spdlog\fmt\bin_to_hex.h" />
    <ClInclude Include="spdlog\fmt\chrono.h" />
    <ClInclude Include="spdlog\fmt\compile.h" />
    <ClInclude Include="spdlog\fmt\fmt.h" />
    <ClInclude Include="spdlog\fmt\ostr.h" />
    <ClInclude Include="spdlog\fmt\ranges.h" />
    <ClInclude Include="spdlog\fmt\std.h" />
    <ClInclude Include="spdlog\fmt\xchar.h" />
    <ClInclude Include="spdlog\sinks\android_sink.h" />
    <ClInclude Include="spdlog\sinks\ansicolor_sink.h" />
    <ClInclude Include="spdlog\sinks\ansicolor_sink-inl.h" />
    <ClInclude Include="spdlog\sinks\base_sink.h" />
    <ClInclude Include="spdlog\sinks\base_sink-inl.h" />
    <ClInclude Include="spdlog\sinks\basic_file_sink.h" />
    <ClInclude Include="spdlog\sinks\basic_file_sink-inl.h" />
    <ClInclude Include="spdlog\sinks\callback_sink.h" />
    <ClInclude Include="spdlog\sinks\daily_file_sink.h" />
    <ClInclude Include="spdlog\sinks\dist_sink.h" />
    <ClInclude Include="spdlog\sinks\dup_filter_sink.h" />
    <ClInclude Include="spdlog\sinks\hourly_file_sink.h" />
    <ClInclude Include="spdlog\sinks\kafka_sink.h" />
    <ClInclude Include="spdlog\sinks\mongo_sink.h" />
    <ClInclude Include="spdlog\sinks\msvc_sink.h" />
    <ClInclude Include="spdlog\sinks\null_sink.h" />
    <ClInclude Include="spdlog\sinks\ostream_sink.h" />
    <ClInclude Include="spdlog\sinks\qt_sinks.h" />
    <ClInclude Include="spdlog\sinks\ringbuffer_sink.h" />
    <ClInclude Include="spdlog\sinks\rotating_file_sink.h" />
    <ClInclude Include="spdlog\sinks\rotating_file_sink-inl.h" />
    <ClInclude Include="spdlog\sinks\sink.h" />
    <ClInclude Include="spdlog\sinks\sink-inl.h" />
    <ClInclude Include="spdlog\sinks\stdout_color_sinks.h" />
    <ClInclude Include="spdlog\sinks\stdout_color_sinks-inl.h" />
    <ClInclude Include="spdlog\sinks\stdout_sinks.h" />
    <ClInclude Include="spdlog\sinks\stdout_sinks-inl.h" />
    <ClInclude Include="spdlog\sinks\syslog_sink.h" />
    <ClInclude Include="spdlog\sinks\systemd_sink.h" />
    <ClInclude Include="spdlog\sinks\tcp_sink.h" />
    <ClInclude Include="spdlog\sinks\udp_sink.h" />
    <ClInclude Include="spdlog\sinks\win_eventlog_sink.h" />
    <ClInclude Include="spdlog\sinks\wincolor_sink.h" />
    <ClInclude Include="spdlog\sinks\wincolor_sink-inl.h" />
    <ClInclude Include="spdlog\async.h" />
    <ClInclude Include="spdlog\async_logger.h" />
    <ClInclude Include="spdlog\async_logger-inl.h" />
    <ClInclude Include="spdlog\common.h" />
    <ClInclude Include="spdlog\common-inl.h" />
    <ClInclude Include="spdlog\formatter.h" />
    <ClInclude Include="spdlog\fwd.h" />
    <ClInclude Include="spdlog\logger.h" />
    <ClInclude Include="spdlog\logger-inl.h" />
    <ClInclude Include="spdlog\mdc.h" />
    <ClInclude Include="spdlog\pattern_formatter.h" />
    <ClInclude Include="spdlog\pattern_formatter-inl.h" />
    <ClInclude Include="spdlog\spdlog.h" />
    <ClInclude Include="spdlog\spdlog-inl.h" />
    <ClInclude Include="spdlog\stopwatch.h" />
    <ClInclude Include="spdlog\tweakme.h" />
    <ClInclude Include="spdlog\version.h" />
    <ClInclude Include="Services\CommonService.h" />
    <ClInclude Include="AppLocator.h" />
    <ClInclude Include="Models\NavItem.h" />
    <ClInclude Include="ViewModels\BindableBase.h" />
    <ClInclude Include="Services\NavigationService.h" />
    <ClInclude Include="nlohmann\adl_serializer.hpp" />
    <ClInclude Include="nlohmann\byte_container_with_subtype.hpp" />
    <ClInclude Include="nlohmann\detail\abi_macros.hpp" />
    <ClInclude Include="nlohmann\detail\conversions\from_json.hpp" />
    <ClInclude Include="nlohmann\detail\conversions\to_chars.hpp" />
    <ClInclude Include="nlohmann\detail\conversions\to_json.hpp" />
    <ClInclude Include="nlohmann\detail\exceptions.hpp" />
    <ClInclude Include="nlohmann\detail\hash.hpp" />
    <ClInclude Include="nlohmann\detail\input\binary_reader.hpp" />
    <ClInclude Include="nlohmann\detail\input\input_adapters.hpp" />
    <ClInclude Include="nlohmann\detail\input\json_sax.hpp" />
    <ClInclude Include="nlohmann\detail\input\lexer.hpp" />
    <ClInclude Include="nlohmann\detail\input\parser.hpp" />
    <ClInclude Include="nlohmann\detail\input\position_t.hpp" />
    <ClInclude Include="nlohmann\detail\iterators\internal_iterator.hpp" />
    <ClInclude Include="nlohmann\detail\iterators\iteration_proxy.hpp" />
    <ClInclude Include="nlohmann\detail\iterators\iterator_traits.hpp" />
    <ClInclude Include="nlohmann\detail\iterators\iter_impl.hpp" />
    <ClInclude Include="nlohmann\detail\iterators\json_reverse_iterator.hpp" />
    <ClInclude Include="nlohmann\detail\iterators\primitive_iterator.hpp" />
    <ClInclude Include="nlohmann\detail\json_custom_base_class.hpp" />
    <ClInclude Include="nlohmann\detail\json_pointer.hpp" />
    <ClInclude Include="nlohmann\detail\json_ref.hpp" />
    <ClInclude Include="nlohmann\detail\macro_scope.hpp" />
    <ClInclude Include="nlohmann\detail\macro_unscope.hpp" />
    <ClInclude Include="nlohmann\detail\meta\call_std\begin.hpp" />
    <ClInclude Include="nlohmann\detail\meta\call_std\end.hpp" />
    <ClInclude Include="nlohmann\detail\meta\cpp_future.hpp" />
    <ClInclude Include="nlohmann\detail\meta\detected.hpp" />
    <ClInclude Include="nlohmann\detail\meta\identity_tag.hpp" />
    <ClInclude Include="nlohmann\detail\meta\is_sax.hpp" />
    <ClInclude Include="nlohmann\detail\meta\std_fs.hpp" />
    <ClInclude Include="nlohmann\detail\meta\type_traits.hpp" />
    <ClInclude Include="nlohmann\detail\meta\void_t.hpp" />
    <ClInclude Include="nlohmann\detail\output\binary_writer.hpp" />
    <ClInclude Include="nlohmann\detail\output\output_adapters.hpp" />
    <ClInclude Include="nlohmann\detail\output\serializer.hpp" />
    <ClInclude Include="nlohmann\detail\string_concat.hpp" />
    <ClInclude Include="nlohmann\detail\string_escape.hpp" />
    <ClInclude Include="nlohmann\detail\string_utils.hpp" />
    <ClInclude Include="nlohmann\detail\value_t.hpp" />
    <ClInclude Include="nlohmann\json.hpp" />
    <ClInclude Include="nlohmann\json_fwd.hpp" />
    <ClInclude Include="nlohmann\ordered_map.hpp" />
    <ClInclude Include="nlohmann\thirdparty\hedley\hedley.hpp" />
    <ClInclude Include="nlohmann\thirdparty\hedley\hedley_undef.hpp" />
    <ClInclude Include="Services\JsonSerializer.h" />
    <ClInclude Include="ViewModels\RelayCommand.h" />
    <ClInclude Include="ViewModels\SettingsViewModel.h" />
    <ClInclude Include="Services\ServiceCollection.h" />
    <ClInclude Include="Services\ServiceLifetime.h" />
    <ClInclude Include="AppLogging.h" />
    <ClInclude Include="Services\UserSettingsService.h" />
    <ClInclude Include="Models\UserSettings.h" />
  </ItemGroup>
  <ItemGroup>
    <Image Include="Assets\Wide310x150Logo.scale-200.png">
      <Filter>Assets</Filter>
    </Image>
    <Image Include="Assets\StoreLogo.png">
      <Filter>Assets</Filter>
    </Image>
    <Image Include="Assets\Square150x150Logo.scale-200.png">
      <Filter>Assets</Filter>
    </Image>
    <Image Include="Assets\Square44x44Logo.targetsize-24_altform-unplated.png">
      <Filter>Assets</Filter>
    </Image>
    <Image Include="Assets\Square44x44Logo.scale-200.png">
      <Filter>Assets</Filter>
    </Image>
    <Image Include="Assets\SplashScreen.scale-200.png">
      <Filter>Assets</Filter>
    </Image>
    <Image Include="Assets\LockScreenLogo.scale-200.png">
      <Filter>Assets</Filter>
    </Image>
  </ItemGroup>
  <ItemGroup>
    <Filter Include="Assets">
      <UniqueIdentifier>{cc4c2957-0177-4015-b299-f93130eb24f9}</UniqueIdentifier>
    </Filter>
  </ItemGroup>
  <ItemGroup>
    <Text Include="readme.txt" />
  </ItemGroup>
  <ItemGroup>
    <Manifest Include="app.manifest" />
  </ItemGroup>
  <ItemGroup>
    <None Include="packages.config" />
    <None Include=".editorconfig" />
  </ItemGroup>
  <ItemGroup>
    <Natvis Include="$(MSBuildThisFileDirectory)..\..\natvis\wil.natvis" />
    <Natvis Include="$(MSBuildThisFileDirectory)..\..\natvis\wil.natstepfilter" />
  </ItemGroup>
</Project>